
Microsoft Visual Studio Solution File, Format Version 12.00
# Visual Studio 15
VisualStudioVersion = 15.0.26730.3
MinimumVisualStudioVersion = 10.0.40219.1
Project("{FAE04EC0-301F-11D3-BF4B-00C04F79EFBC}") = "VaPescar", "VaPescar\VaPescar.csproj", "{9FA7E937-1D42-4673-A732-8F65602683D0}"
EndProject
Global
	GlobalSection(SolutionConfigurationPlatforms) = preSolution
		Debug|Any CPU = Debug|Any CPU
		Release|Any CPU = Release|Any CPU
	EndGlobalSection
	GlobalSection(ProjectConfigurationPlatforms) = postSolution
		{9FA7E937-1D42-4673-A732-8F65602683D0}.Debug|Any CPU.ActiveCfg = Debug|Any CPU
		{9FA7E937-1D42-4673-A732-8F65602683D0}.Debug|Any CPU.Build.0 = Debug|Any CPU
		{9FA7E937-1D42-4673-A732-8F65602683D0}.Release|Any CPU.ActiveCfg = Release|Any CPU
		{9FA7E937-1D42-4673-A732-8F65602683D0}.Release|Any CPU.Build.0 = Release|Any CPU
	EndGlobalSection
	GlobalSection(SolutionProperties) = preSolution
		HideSolutionNode = FALSE
	EndGlobalSection
	GlobalSection(ExtensibilityGlobals) = postSolution
		SolutionGuid = {C210FAC2-99B0-464E-B82D-CEC3F4A806A8}
	EndGlobalSection
EndGlobal
