
Microsoft Visual Studio Solution File, Format Version 12.00
# Visual Studio 15
VisualStudioVersion = 15.0.26730.3
MinimumVisualStudioVersion = 10.0.40219.1
Project("{FAE04EC0-301F-11D3-BF4B-00C04F79EFBC}") = "Capitulo4", "Capitulo4\Capitulo4.csproj", "{422A9BAF-04D9-45AB-AADE-F4AD796557AE}"
EndProject
Project("{FAE04EC0-301F-11D3-BF4B-00C04F79EFBC}") = "MenuMaker", "MenuMaker\MenuMaker.csproj", "{84A0A49C-FCFC-4846-B249-086E68AAA627}"
EndProject
Project("{FAE04EC0-301F-11D3-BF4B-00C04F79EFBC}") = "Aniversario", "Aniversario\Aniversario.csproj", "{951DAAC3-CD27-4171-AD37-8DB2503F399D}"
EndProject
Global
	GlobalSection(SolutionConfigurationPlatforms) = preSolution
		Debug|Any CPU = Debug|Any CPU
		Release|Any CPU = Release|Any CPU
	EndGlobalSection
	GlobalSection(ProjectConfigurationPlatforms) = postSolution
		{422A9BAF-04D9-45AB-AADE-F4AD796557AE}.Debug|Any CPU.ActiveCfg = Debug|Any CPU
		{422A9BAF-04D9-45AB-AADE-F4AD796557AE}.Debug|Any CPU.Build.0 = Debug|Any CPU
		{422A9BAF-04D9-45AB-AADE-F4AD796557AE}.Release|Any CPU.ActiveCfg = Release|Any CPU
		{422A9BAF-04D9-45AB-AADE-F4AD796557AE}.Release|Any CPU.Build.0 = Release|Any CPU
		{84A0A49C-FCFC-4846-B249-086E68AAA627}.Debug|Any CPU.ActiveCfg = Debug|Any CPU
		{84A0A49C-FCFC-4846-B249-086E68AAA627}.Debug|Any CPU.Build.0 = Debug|Any CPU
		{84A0A49C-FCFC-4846-B249-086E68AAA627}.Release|Any CPU.ActiveCfg = Release|Any CPU
		{84A0A49C-FCFC-4846-B249-086E68AAA627}.Release|Any CPU.Build.0 = Release|Any CPU
		{951DAAC3-CD27-4171-AD37-8DB2503F399D}.Debug|Any CPU.ActiveCfg = Debug|Any CPU
		{951DAAC3-CD27-4171-AD37-8DB2503F399D}.Debug|Any CPU.Build.0 = Debug|Any CPU
		{951DAAC3-CD27-4171-AD37-8DB2503F399D}.Release|Any CPU.ActiveCfg = Release|Any CPU
		{951DAAC3-CD27-4171-AD37-8DB2503F399D}.Release|Any CPU.Build.0 = Release|Any CPU
	EndGlobalSection
	GlobalSection(SolutionProperties) = preSolution
		HideSolutionNode = FALSE
	EndGlobalSection
	GlobalSection(ExtensibilityGlobals) = postSolution
		SolutionGuid = {1E9E4D63-9384-42B9-A1CA-E8884670BF6F}
	EndGlobalSection
EndGlobal
